
Microsoft Visual Studio Solution File, Format Version 12.00
# Visual Studio 15
VisualStudioVersion = 15.0.28307.572
MinimumVisualStudioVersion = 10.0.40219.1
Project("{FAE04EC0-301F-11D3-BF4B-00C04F79EFBC}") = "InternetConnectionChecker", "InternetConnectionChecker\InternetConnectionChecker.csproj", "{04F327C1-2659-456B-8C54-68458C1B9098}"
EndProject
Global
	GlobalSection(SolutionConfigurationPlatforms) = preSolution
		Debug|Any CPU = Debug|Any CPU
		Release|Any CPU = Release|Any CPU
	EndGlobalSection
	GlobalSection(ProjectConfigurationPlatforms) = postSolution
		{04F327C1-2659-456B-8C54-68458C1B9098}.Debug|Any CPU.ActiveCfg = Debug|Any CPU
		{04F327C1-2659-456B-8C54-68458C1B9098}.Debug|Any CPU.Build.0 = Debug|Any CPU
		{04F327C1-2659-456B-8C54-68458C1B9098}.Release|Any CPU.ActiveCfg = Release|Any CPU
		{04F327C1-2659-456B-8C54-68458C1B9098}.Release|Any CPU.Build.0 = Release|Any CPU
	EndGlobalSection
	GlobalSection(SolutionProperties) = preSolution
		HideSolutionNode = FALSE
	EndGlobalSection
	GlobalSection(ExtensibilityGlobals) = postSolution
		SolutionGuid = {2534C411-1B07-433C-879F-E19380A66F60}
	EndGlobalSection
EndGlobal
